
Microsoft Visual Studio Solution File, Format Version 12.00
# Visual Studio Version 16
VisualStudioVersion = 16.0.31005.135
MinimumVisualStudioVersion = 10.0.40219.1
Project("{9A19103F-16F7-4668-BE54-9A1E7A4F7556}") = "DataProject", "DataLayer\DataProject.csproj", "{F10F956D-0F16-4B92-AB4C-39DFAE0F7CF5}"
EndProject
Project("{FAE04EC0-301F-11D3-BF4B-00C04F79EFBC}") = "PresentationProject", "PresentationLayer\PresentationProject.csproj", "{F5689E87-C4F8-47F4-AA29-5BAAF2BB99FA}"
EndProject
Global
	GlobalSection(SolutionConfigurationPlatforms) = preSolution
		Debug|Any CPU = Debug|Any CPU
		Release|Any CPU = Release|Any CPU
	EndGlobalSection
	GlobalSection(ProjectConfigurationPlatforms) = postSolution
		{F10F956D-0F16-4B92-AB4C-39DFAE0F7CF5}.Debug|Any CPU.ActiveCfg = Debug|Any CPU
		{F10F956D-0F16-4B92-AB4C-39DFAE0F7CF5}.Debug|Any CPU.Build.0 = Debug|Any CPU
		{F10F956D-0F16-4B92-AB4C-39DFAE0F7CF5}.Release|Any CPU.ActiveCfg = Release|Any CPU
		{F10F956D-0F16-4B92-AB4C-39DFAE0F7CF5}.Release|Any CPU.Build.0 = Release|Any CPU
		{F5689E87-C4F8-47F4-AA29-5BAAF2BB99FA}.Debug|Any CPU.ActiveCfg = Debug|Any CPU
		{F5689E87-C4F8-47F4-AA29-5BAAF2BB99FA}.Debug|Any CPU.Build.0 = Debug|Any CPU
		{F5689E87-C4F8-47F4-AA29-5BAAF2BB99FA}.Release|Any CPU.ActiveCfg = Release|Any CPU
		{F5689E87-C4F8-47F4-AA29-5BAAF2BB99FA}.Release|Any CPU.Build.0 = Release|Any CPU
	EndGlobalSection
	GlobalSection(SolutionProperties) = preSolution
		HideSolutionNode = FALSE
	EndGlobalSection
	GlobalSection(ExtensibilityGlobals) = postSolution
		SolutionGuid = {BBA1F0F1-E47A-419A-889E-C658F387FBFA}
	EndGlobalSection
EndGlobal
